// !$*UTF8*$!
{
	archiveVersion = 1;
	classes = {
	};
	objectVersion = 77;
	objects = {

/* Begin PBXBuildFile section */
		5A97B9682E518E9E008E99B9 /* requirements.txt in Resources */ = {isa = PBXBuildFile; fileRef = 5A97B9672E518E96008E99B9 /* requirements.txt */; };
/* End PBXBuildFile section */

/* Begin PBXContainerItemProxy section */
		5A97B8FF2E511D9C008E99B9 /* PBXContainerItemProxy */ = {
			isa = PBXContainerItemProxy;
			containerPortal = 5A97B8E92E511D9B008E99B9 /* Project object */;
			proxyType = 1;
			remoteGlobalIDString = 5A97B8F02E511D9B008E99B9;
			remoteInfo = HorizonsApp;
		};
		5A97B9092E511D9C008E99B9 /* PBXContainerItemProxy */ = {
			isa = PBXContainerItemProxy;
			containerPortal = 5A97B8E92E511D9B008E99B9 /* Project object */;
			proxyType = 1;
			remoteGlobalIDString = 5A97B8F02E511D9B008E99B9;
			remoteInfo = HorizonsApp;
		};
/* End PBXContainerItemProxy section */

/* Begin PBXFileReference section */
		5A97B8F12E511D9B008E99B9 /* HorizonsApp.app */ = {isa = PBXFileReference; explicitFileType = wrapper.application; includeInIndex = 0; path = HorizonsApp.app; sourceTree = BUILT_PRODUCTS_DIR; };
		5A97B8FE2E511D9C008E99B9 /* HorizonsAppTests.xctest */ = {isa = PBXFileReference; explicitFileType = wrapper.cfbundle; includeInIndex = 0; path = HorizonsAppTests.xctest; sourceTree = BUILT_PRODUCTS_DIR; };
		5A97B9082E511D9C008E99B9 /* HorizonsAppUITests.xctest */ = {isa = PBXFileReference; explicitFileType = wrapper.cfbundle; includeInIndex = 0; path = HorizonsAppUITests.xctest; sourceTree = BUILT_PRODUCTS_DIR; };
		5A97B9672E518E96008E99B9 /* requirements.txt */ = {isa = PBXFileReference; lastKnownFileType = text; path = requirements.txt; sourceTree = "<group>"; };
/* End PBXFileReference section */

/* Begin PBXFileSystemSynchronizedRootGroup section */
		5A97B8F32E511D9B008E99B9 /* HorizonsApp */ = {
			isa = PBXFileSystemSynchronizedRootGroup;
			path = HorizonsApp;
			sourceTree = "<group>";
		};
		5A97B9012E511D9C008E99B9 /* HorizonsAppTests */ = {
			isa = PBXFileSystemSynchronizedRootGroup;
			path = HorizonsAppTests;
			sourceTree = "<group>";
		};
		5A97B90B2E511D9C008E99B9 /* HorizonsAppUITests */ = {
			isa = PBXFileSystemSynchronizedRootGroup;
			path = HorizonsAppUITests;
			sourceTree = "<group>";
		};
		5A97B9512E514960008E99B9 /* backend */ = {
			isa = PBXFileSystemSynchronizedRootGroup;
			path = backend;
			sourceTree = "<group>";
		};
		5A97B95B2E514CE7008E99B9 /* Shared */ = {
			isa = PBXFileSystemSynchronizedRootGroup;
			path = Shared;
			sourceTree = "<group>";
		};
		5A97B9632E516AD4008E99B9 /* Features */ = {
			isa = PBXFileSystemSynchronizedRootGroup;
			path = Features;
			sourceTree = "<group>";
		};
/* End PBXFileSystemSynchronizedRootGroup section */

/* Begin PBXFrameworksBuildPhase section */
		5A97B8EE2E511D9B008E99B9 /* Frameworks */ = {
			isa = PBXFrameworksBuildPhase;
			buildActionMask = 2147483647;
			files = (
			);
			runOnlyForDeploymentPostprocessing = 0;
		};
		5A97B8FB2E511D9C008E99B9 /* Frameworks */ = {
			isa = PBXFrameworksBuildPhase;
			buildActionMask = 2147483647;
			files = (
			);
			runOnlyForDeploymentPostprocessing = 0;
		};
		5A97B9052E511D9C008E99B9 /* Frameworks */ = {
			isa = PBXFrameworksBuildPhase;
			buildActionMask = 2147483647;
			files = (
			);
			runOnlyForDeploymentPostprocessing = 0;
		};
/* End PBXFrameworksBuildPhase section */

/* Begin PBXGroup section */
		5A97B8E82E511D9B008E99B9 = {
			isa = PBXGroup;
			children = (
				5A97B9672E518E96008E99B9 /* requirements.txt */,
				5A97B9632E516AD4008E99B9 /* Features */,
				5A97B95B2E514CE7008E99B9 /* Shared */,
				5A97B9512E514960008E99B9 /* backend */,
				5A97B8F32E511D9B008E99B9 /* HorizonsApp */,
				5A97B9012E511D9C008E99B9 /* HorizonsAppTests */,
				5A97B90B2E511D9C008E99B9 /* HorizonsAppUITests */,
				5A97B8F22E511D9B008E99B9 /* Products */,
			);
			sourceTree = "<group>";
		};
		5A97B8F22E511D9B008E99B9 /* Products */ = {
			isa = PBXGroup;
			children = (
				5A97B8F12E511D9B008E99B9 /* HorizonsApp.app */,
				5A97B8FE2E511D9C008E99B9 /* HorizonsAppTests.xctest */,
				5A97B9082E511D9C008E99B9 /* HorizonsAppUITests.xctest */,
			);
			name = Products;
			sourceTree = "<group>";
		};
/* End PBXGroup section */

/* Begin PBXNativeTarget section */
		5A97B8F02E511D9B008E99B9 /* HorizonsApp */ = {
			isa = PBXNativeTarget;
			buildConfigurationList = 5A97B9122E511D9C008E99B9 /* Build configuration list for PBXNativeTarget "HorizonsApp" */;
			buildPhases = (
				5A97B8ED2E511D9B008E99B9 /* Sources */,
				5A97B8EE2E511D9B008E99B9 /* Frameworks */,
				5A97B8EF2E511D9B008E99B9 /* Resources */,
			);
			buildRules = (
			);
			dependencies = (
			);
			fileSystemSynchronizedGroups = (
				5A97B8F32E511D9B008E99B9 /* HorizonsApp */,
				5A97B9512E514960008E99B9 /* backend */,
				5A97B95B2E514CE7008E99B9 /* Shared */,
				5A97B9632E516AD4008E99B9 /* Features */,
			);
			name = HorizonsApp;
			packageProductDependencies = (
			);
			productName = HorizonsApp;
			productReference = 5A97B8F12E511D9B008E99B9 /* HorizonsApp.app */;
			productType = "com.apple.product-type.application";
		};
		5A97B8FD2E511D9C008E99B9 /* HorizonsAppTests */ = {
			isa = PBXNativeTarget;
			buildConfigurationList = 5A97B9152E511D9C008E99B9 /* Build configuration list for PBXNativeTarget "HorizonsAppTests" */;
			buildPhases = (
				5A97B8FA2E511D9C008E99B9 /* Sources */,
				5A97B8FB2E511D9C008E99B9 /* Frameworks */,
				5A97B8FC2E511D9C008E99B9 /* Resources */,
			);
			buildRules = (
			);
			dependencies = (
				5A97B9002E511D9C008E99B9 /* PBXTargetDependency */,
			);
			fileSystemSynchronizedGroups = (
				5A97B9012E511D9C008E99B9 /* HorizonsAppTests */,
			);
			name = HorizonsAppTests;
			packageProductDependencies = (
			);
			productName = HorizonsAppTests;
			productReference = 5A97B8FE2E511D9C008E99B9 /* HorizonsAppTests.xctest */;
			productType = "com.apple.product-type.bundle.unit-test";
		};
		5A97B9072E511D9C008E99B9 /* HorizonsAppUITests */ = {
			isa = PBXNativeTarget;
			buildConfigurationList = 5A97B9182E511D9C008E99B9 /* Build configuration list for PBXNativeTarget "HorizonsAppUITests" */;
			buildPhases = (
				5A97B9042E511D9C008E99B9 /* Sources */,
				5A97B9052E511D9C008E99B9 /* Frameworks */,
				5A97B9062E511D9C008E99B9 /* Resources */,
			);
			buildRules = (
			);
			dependencies = (
				5A97B90A2E511D9C008E99B9 /* PBXTargetDependency */,
			);
			fileSystemSynchronizedGroups = (
				5A97B90B2E511D9C008E99B9 /* HorizonsAppUITests */,
			);
			name = HorizonsAppUITests;
			packageProductDependencies = (
			);
			productName = HorizonsAppUITests;
			productReference = 5A97B9082E511D9C008E99B9 /* HorizonsAppUITests.xctest */;
			productType = "com.apple.product-type.bundle.ui-testing";
		};
/* End PBXNativeTarget section */

/* Begin PBXProject section */
		5A97B8E92E511D9B008E99B9 /* Project object */ = {
			isa = PBXProject;
			attributes = {
				BuildIndependentTargetsInParallel = 1;
				LastSwiftUpdateCheck = 1640;
				LastUpgradeCheck = 1640;
				TargetAttributes = {
					5A97B8F02E511D9B008E99B9 = {
						CreatedOnToolsVersion = 16.4;
					};
					5A97B8FD2E511D9C008E99B9 = {
						CreatedOnToolsVersion = 16.4;
						TestTargetID = 5A97B8F02E511D9B008E99B9;
					};
					5A97B9072E511D9C008E99B9 = {
						CreatedOnToolsVersion = 16.4;
						TestTargetID = 5A97B8F02E511D9B008E99B9;
					};
				};
			};
			buildConfigurationList = 5A97B8EC2E511D9B008E99B9 /* Build configuration list for PBXProject "HorizonsApp" */;
			developmentRegion = en;
			hasScannedForEncodings = 0;
			knownRegions = (
				en,
				Base,
			);
			mainGroup = 5A97B8E82E511D9B008E99B9;
			minimizedProjectReferenceProxies = 1;
			preferredProjectObjectVersion = 77;
			productRefGroup = 5A97B8F22E511D9B008E99B9 /* Products */;
			projectDirPath = "";
			projectRoot = "";
			targets = (
				5A97B8F02E511D9B008E99B9 /* HorizonsApp */,
				5A97B8FD2E511D9C008E99B9 /* HorizonsAppTests */,
				5A97B9072E511D9C008E99B9 /* HorizonsAppUITests */,
			);
		};
/* End PBXProject section */

/* Begin PBXResourcesBuildPhase section */
		5A97B8EF2E511D9B008E99B9 /* Resources */ = {
			isa = PBXResourcesBuildPhase;
			buildActionMask = 2147483647;
			files = (
				5A97B9682E518E9E008E99B9 /* requirements.txt in Resources */,
			);
			runOnlyForDeploymentPostprocessing = 0;
		};
		5A97B8FC2E511D9C008E99B9 /* Resources */ = {
			isa = PBXResourcesBuildPhase;
			buildActionMask = 2147483647;
			files = (
			);
			runOnlyForDeploymentPostprocessing = 0;
		};
		5A97B9062E511D9C008E99B9 /* Resources */ = {
			isa = PBXResourcesBuildPhase;
			buildActionMask = 2147483647;
			files = (
			);
			runOnlyForDeploymentPostprocessing = 0;
		};
/* End PBXResourcesBuildPhase section */

/* Begin PBXSourcesBuildPhase section */
		5A97B8ED2E511D9B008E99B9 /* Sources */ = {
			isa = PBXSourcesBuildPhase;
			buildActionMask = 2147483647;
			files = (
			);
			runOnlyForDeploymentPostprocessing = 0;
		};
		5A97B8FA2E511D9C008E99B9 /* Sources */ = {
			isa = PBXSourcesBuildPhase;
			buildActionMask = 2147483647;
			files = (
			);
			runOnlyForDeploymentPostprocessing = 0;
		};
		5A97B9042E511D9C008E99B9 /* Sources */ = {
			isa = PBXSourcesBuildPhase;
			buildActionMask = 2147483647;
			files = (
			);
			runOnlyForDeploymentPostprocessing = 0;
		};
/* End PBXSourcesBuildPhase section */

/* Begin PBXTargetDependency section */
		5A97B9002E511D9C008E99B9 /* PBXTargetDependency */ = {
			isa = PBXTargetDependency;
			target = 5A97B8F02E511D9B008E99B9 /* HorizonsApp */;
			targetProxy = 5A97B8FF2E511D9C008E99B9 /* PBXContainerItemProxy */;
		};
		5A97B90A2E511D9C008E99B9 /* PBXTargetDependency */ = {
			isa = PBXTargetDependency;
			target = 5A97B8F02E511D9B008E99B9 /* HorizonsApp */;
			targetProxy = 5A97B9092E511D9C008E99B9 /* PBXContainerItemProxy */;
		};
/* End PBXTargetDependency section */

/* Begin XCBuildConfiguration section */
		5A97B9102E511D9C008E99B9 /* Debug */ = {
			isa = XCBuildConfiguration;
			buildSettings = {
				ALWAYS_SEARCH_USER_PATHS = NO;
				ASSETCATALOG_COMPILER_GENERATE_SWIFT_ASSET_SYMBOL_EXTENSIONS = YES;
				CLANG_ANALYZER_NONNULL = YES;
				CLANG_ANALYZER_NUMBER_OBJECT_CONVERSION = YES_AGGRESSIVE;
				CLANG_CXX_LANGUAGE_STANDARD = "gnu++20";
				CLANG_ENABLE_MODULES = YES;
				CLANG_ENABLE_OBJC_ARC = YES;
				CLANG_ENABLE_OBJC_WEAK = YES;
				CLANG_WARN_BLOCK_CAPTURE_AUTORELEASING = YES;
				CLANG_WARN_BOOL_CONVERSION = YES;
				CLANG_WARN_COMMA = YES;
				CLANG_WARN_CONSTANT_CONVERSION = YES;
				CLANG_WARN_DEPRECATED_OBJC_IMPLEMENTATIONS = YES;
				CLANG_WARN_DIRECT_OBJC_ISA_USAGE = YES_ERROR;
				CLANG_WARN_DOCUMENTATION_COMMENTS = YES;
				CLANG_WARN_EMPTY_BODY = YES;
				CLANG_WARN_ENUM_CONVERSION = YES;
				CLANG_WARN_INFINITE_RECURSION = YES;
				CLANG_WARN_INT_CONVERSION = YES;
				CLANG_WARN_NON_LITERAL_NULL_CONVERSION = YES;
				CLANG_WARN_OBJC_IMPLICIT_RETAIN_SELF = YES;
				CLANG_WARN_OBJC_LITERAL_CONVERSION = YES;
				CLANG_WARN_OBJC_ROOT_CLASS = YES_ERROR;
				CLANG_WARN_QUOTED_INCLUDE_IN_FRAMEWORK_HEADER = YES;
				CLANG_WARN_RANGE_LOOP_ANALYSIS = YES;
				CLANG_WARN_STRICT_PROTOTYPES = YES;
				CLANG_WARN_SUSPICIOUS_MOVE = YES;
				CLANG_WARN_UNGUARDED_AVAILABILITY = YES_AGGRESSIVE;
				CLANG_WARN_UNREACHABLE_CODE = YES;
				CLANG_WARN__DUPLICATE_METHOD_MATCH = YES;
				COPY_PHASE_STRIP = NO;
				DEBUG_INFORMATION_FORMAT = dwarf;
				DEVELOPMENT_TEAM = 6R8CZ3TNYQ;
				ENABLE_STRICT_OBJC_MSGSEND = YES;
				ENABLE_TESTABILITY = YES;
				ENABLE_USER_SCRIPT_SANDBOXING = YES;
				GCC_C_LANGUAGE_STANDARD = gnu17;
				GCC_DYNAMIC_NO_PIC = NO;
				GCC_NO_COMMON_BLOCKS = YES;
				GCC_OPTIMIZATION_LEVEL = 0;
				GCC_PREPROCESSOR_DEFINITIONS = (
					"DEBUG=1",
					"$(inherited)",
				);
				GCC_WARN_64_TO_32_BIT_CONVERSION = YES;
				GCC_WARN_ABOUT_RETURN_TYPE = YES_ERROR;
				GCC_WARN_UNDECLARED_SELECTOR = YES;
				GCC_WARN_UNINITIALIZED_AUTOS = YES_AGGRESSIVE;
				GCC_WARN_UNUSED_FUNCTION = YES;
				GCC_WARN_UNUSED_VARIABLE = YES;
				IPHONEOS_DEPLOYMENT_TARGET = 18.5;
				LOCALIZATION_PREFERS_STRING_CATALOGS = YES;
				MTL_ENABLE_DEBUG_INFO = INCLUDE_SOURCE;
				MTL_FAST_MATH = YES;
				ONLY_ACTIVE_ARCH = YES;
				SDKROOT = iphoneos;
				SWIFT_ACTIVE_COMPILATION_CONDITIONS = "DEBUG $(inherited)";
				SWIFT_OPTIMIZATION_LEVEL = "-Onone";
			};
			name = Debug;
		};
		5A97B9112E511D9C008E99B9 /* Release */ = {
			isa = XCBuildConfiguration;
			buildSettings = {
				ALWAYS_SEARCH_USER_PATHS = NO;
				ASSETCATALOG_COMPILER_GENERATE_SWIFT_ASSET_SYMBOL_EXTENSIONS = YES;
				CLANG_ANALYZER_NONNULL = YES;
				CLANG_ANALYZER_NUMBER_OBJECT_CONVERSION = YES_AGGRESSIVE;
				CLANG_CXX_LANGUAGE_STANDARD = "gnu++20";
				CLANG_ENABLE_MODULES = YES;
				CLANG_ENABLE_OBJC_ARC = YES;
				CLANG_ENABLE_OBJC_WEAK = YES;
				CLANG_WARN_BLOCK_CAPTURE_AUTORELEASING = YES;
				CLANG_WARN_BOOL_CONVERSION = YES;
				CLANG_WARN_COMMA = YES;
				CLANG_WARN_CONSTANT_CONVERSION = YES;
				CLANG_WARN_DEPRECATED_OBJC_IMPLEMENTATIONS = YES;
				CLANG_WARN_DIRECT_OBJC_ISA_USAGE = YES_ERROR;
				CLANG_WARN_DOCUMENTATION_COMMENTS = YES;
				CLANG_WARN_EMPTY_BODY = YES;
				CLANG_WARN_ENUM_CONVERSION = YES;
				CLANG_WARN_INFINITE_RECURSION = YES;
				CLANG_WARN_INT_CONVERSION = YES;
				CLANG_WARN_NON_LITERAL_NULL_CONVERSION = YES;
				CLANG_WARN_OBJC_IMPLICIT_RETAIN_SELF = YES;
				CLANG_WARN_OBJC_LITERAL_CONVERSION = YES;
				CLANG_WARN_OBJC_ROOT_CLASS = YES_ERROR;
				CLANG_WARN_QUOTED_INCLUDE_IN_FRAMEWORK_HEADER = YES;
				CLANG_WARN_RANGE_LOOP_ANALYSIS = YES;
				CLANG_WARN_STRICT_PROTOTYPES = YES;
				CLANG_WARN_SUSPICIOUS_MOVE = YES;
				CLANG_WARN_UNGUARDED_AVAILABILITY = YES_AGGRESSIVE;
				CLANG_WARN_UNREACHABLE_CODE = YES;
				CLANG_WARN__DUPLICATE_METHOD_MATCH = YES;
				COPY_PHASE_STRIP = NO;
				DEBUG_INFORMATION_FORMAT = "dwarf-with-dsym";
				DEVELOPMENT_TEAM = 6R8CZ3TNYQ;
				ENABLE_NS_ASSERTIONS = NO;
				ENABLE_STRICT_OBJC_MSGSEND = YES;
				ENABLE_USER_SCRIPT_SANDBOXING = YES;
				GCC_C_LANGUAGE_STANDARD = gnu17;
				GCC_NO_COMMON_BLOCKS = YES;
				GCC_WARN_64_TO_32_BIT_CONVERSION = YES;
				GCC_WARN_ABOUT_RETURN_TYPE = YES_ERROR;
				GCC_WARN_UNDECLARED_SELECTOR = YES;
				GCC_WARN_UNINITIALIZED_AUTOS = YES_AGGRESSIVE;
				GCC_WARN_UNUSED_FUNCTION = YES;
				GCC_WARN_UNUSED_VARIABLE = YES;
				IPHONEOS_DEPLOYMENT_TARGET = 18.5;
				LOCALIZATION_PREFERS_STRING_CATALOGS = YES;
				MTL_ENABLE_DEBUG_INFO = NO;
				MTL_FAST_MATH = YES;
				SDKROOT = iphoneos;
				SWIFT_COMPILATION_MODE = wholemodule;
				VALIDATE_PRODUCT = YES;
			};
			name = Release;
		};
		5A97B9132E511D9C008E99B9 /* Debug */ = {
			isa = XCBuildConfiguration;
			buildSettings = {
				ASSETCATALOG_COMPILER_APPICON_NAME = AppIcon;
				ASSETCATALOG_COMPILER_GLOBAL_ACCENT_COLOR_NAME = AccentColor;
				CODE_SIGN_STYLE = Automatic;
				CURRENT_PROJECT_VERSION = 1;
				DEVELOPMENT_TEAM = 6R8CZ3TNYQ;
				ENABLE_PREVIEWS = YES;
				GENERATE_INFOPLIST_FILE = YES;
				INFOPLIST_KEY_UIApplicationSceneManifest_Generation = YES;
				INFOPLIST_KEY_UIApplicationSupportsIndirectInputEvents = YES;
				INFOPLIST_KEY_UILaunchScreen_Generation = YES;
				INFOPLIST_KEY_UISupportedInterfaceOrientations_iPad = "UIInterfaceOrientationPortrait UIInterfaceOrientationPortraitUpsideDown UIInterfaceOrientationLandscapeLeft UIInterfaceOrientationLandscapeRight";
				INFOPLIST_KEY_UISupportedInterfaceOrientations_iPhone = "UIInterfaceOrientationPortrait UIInterfaceOrientationLandscapeLeft UIInterfaceOrientationLandscapeRight";
				LD_RUNPATH_SEARCH_PATHS = (
					"$(inherited)",
					"@executable_path/Frameworks",
				);
				MARKETING_VERSION = 1.0;
				PRODUCT_BUNDLE_IDENTIFIER = com.anapaolaoviedo.HorizonsApp;
				PRODUCT_NAME = "$(TARGET_NAME)";
				SWIFT_EMIT_LOC_STRINGS = YES;
				SWIFT_VERSION = 5.0;
				TARGETED_DEVICE_FAMILY = "1,2";
			};
			name = Debug;
		};
		5A97B9142E511D9C008E99B9 /* Release */ = {
			isa = XCBuildConfiguration;
			buildSettings = {
				ASSETCATALOG_COMPILER_APPICON_NAME = AppIcon;
				ASSETCATALOG_COMPILER_GLOBAL_ACCENT_COLOR_NAME = AccentColor;
				CODE_SIGN_STYLE = Automatic;
				CURRENT_PROJECT_VERSION = 1;
				DEVELOPMENT_TEAM = 6R8CZ3TNYQ;
				ENABLE_PREVIEWS = YES;
				GENERATE_INFOPLIST_FILE = YES;
				INFOPLIST_KEY_UIApplicationSceneManifest_Generation = YES;
				INFOPLIST_KEY_UIApplicationSupportsIndirectInputEvents = YES;
				INFOPLIST_KEY_UILaunchScreen_Generation = YES;
				INFOPLIST_KEY_UISupportedInterfaceOrientations_iPad = "UIInterfaceOrientationPortrait UIInterfaceOrientationPortraitUpsideDown UIInterfaceOrientationLandscapeLeft UIInterfaceOrientationLandscapeRight";
				INFOPLIST_KEY_UISupportedInterfaceOrientations_iPhone = "UIInterfaceOrientationPortrait UIInterfaceOrientationLandscapeLeft UIInterfaceOrientationLandscapeRight";
				LD_RUNPATH_SEARCH_PATHS = (
					"$(inherited)",
					"@executable_path/Frameworks",
				);
				MARKETING_VERSION = 1.0;
				PRODUCT_BUNDLE_IDENTIFIER = com.anapaolaoviedo.HorizonsApp;
				PRODUCT_NAME = "$(TARGET_NAME)";
				SWIFT_EMIT_LOC_STRINGS = YES;
				SWIFT_VERSION = 5.0;
				TARGETED_DEVICE_FAMILY = "1,2";
			};
			name = Release;
		};
		5A97B9162E511D9C008E99B9 /* Debug */ = {
			isa = XCBuildConfiguration;
			buildSettings = {
				BUNDLE_LOADER = "$(TEST_HOST)";
				CODE_SIGN_STYLE = Automatic;
				CURRENT_PROJECT_VERSION = 1;
				DEVELOPMENT_TEAM = 6R8CZ3TNYQ;
				GENERATE_INFOPLIST_FILE = YES;
				IPHONEOS_DEPLOYMENT_TARGET = 18.5;
				MARKETING_VERSION = 1.0;
				PRODUCT_BUNDLE_IDENTIFIER = com.anapaolaoviedo.HorizonsAppTests;
				PRODUCT_NAME = "$(TARGET_NAME)";
				SWIFT_EMIT_LOC_STRINGS = NO;
				SWIFT_VERSION = 5.0;
				TARGETED_DEVICE_FAMILY = "1,2";
				TEST_HOST = "$(BUILT_PRODUCTS_DIR)/HorizonsApp.app/$(BUNDLE_EXECUTABLE_FOLDER_PATH)/HorizonsApp";
			};
			name = Debug;
		};
		5A97B9172E511D9C008E99B9 /* Release */ = {
			isa = XCBuildConfiguration;
			buildSettings = {
				BUNDLE_LOADER = "$(TEST_HOST)";
				CODE_SIGN_STYLE = Automatic;
				CURRENT_PROJECT_VERSION = 1;
				DEVELOPMENT_TEAM = 6R8CZ3TNYQ;
				GENERATE_INFOPLIST_FILE = YES;
				IPHONEOS_DEPLOYMENT_TARGET = 18.5;
				MARKETING_VERSION = 1.0;
				PRODUCT_BUNDLE_IDENTIFIER = com.anapaolaoviedo.HorizonsAppTests;
				PRODUCT_NAME = "$(TARGET_NAME)";
				SWIFT_EMIT_LOC_STRINGS = NO;
				SWIFT_VERSION = 5.0;
				TARGETED_DEVICE_FAMILY = "1,2";
				TEST_HOST = "$(BUILT_PRODUCTS_DIR)/HorizonsApp.app/$(BUNDLE_EXECUTABLE_FOLDER_PATH)/HorizonsApp";
			};
			name = Release;
		};
		5A97B9192E511D9C008E99B9 /* Debug */ = {
			isa = XCBuildConfiguration;
			buildSettings = {
				CODE_SIGN_STYLE = Automatic;
				CURRENT_PROJECT_VERSION = 1;
				DEVELOPMENT_TEAM = 6R8CZ3TNYQ;
				GENERATE_INFOPLIST_FILE = YES;
				MARKETING_VERSION = 1.0;
				PRODUCT_BUNDLE_IDENTIFIER = com.anapaolaoviedo.HorizonsAppUITests;
				PRODUCT_NAME = "$(TARGET_NAME)";
				SWIFT_EMIT_LOC_STRINGS = NO;
				SWIFT_VERSION = 5.0;
				TARGETED_DEVICE_FAMILY = "1,2";
				TEST_TARGET_NAME = HorizonsApp;
			};
			name = Debug;
		};
		5A97B91A2E511D9C008E99B9 /* Release */ = {
			isa = XCBuildConfiguration;
			buildSettings = {
				CODE_SIGN_STYLE = Automatic;
				CURRENT_PROJECT_VERSION = 1;
				DEVELOPMENT_TEAM = 6R8CZ3TNYQ;
				GENERATE_INFOPLIST_FILE = YES;
				MARKETING_VERSION = 1.0;
				PRODUCT_BUNDLE_IDENTIFIER = com.anapaolaoviedo.HorizonsAppUITests;
				PRODUCT_NAME = "$(TARGET_NAME)";
				SWIFT_EMIT_LOC_STRINGS = NO;
				SWIFT_VERSION = 5.0;
				TARGETED_DEVICE_FAMILY = "1,2";
				TEST_TARGET_NAME = HorizonsApp;
			};
			name = Release;
		};
/* End XCBuildConfiguration section */

/* Begin XCConfigurationList section */
		5A97B8EC2E511D9B008E99B9 /* Build configuration list for PBXProject "HorizonsApp" */ = {
			isa = XCConfigurationList;
			buildConfigurations = (
				5A97B9102E511D9C008E99B9 /* Debug */,
				5A97B9112E511D9C008E99B9 /* Release */,
			);
			defaultConfigurationIsVisible = 0;
			defaultConfigurationName = Release;
		};
		5A97B9122E511D9C008E99B9 /* Build configuration list for PBXNativeTarget "HorizonsApp" */ = {
			isa = XCConfigurationList;
			buildConfigurations = (
				5A97B9132E511D9C008E99B9 /* Debug */,
				5A97B9142E511D9C008E99B9 /* Release */,
			);
			defaultConfigurationIsVisible = 0;
			defaultConfigurationName = Release;
		};
		5A97B9152E511D9C008E99B9 /* Build configuration list for PBXNativeTarget "HorizonsAppTests" */ = {
			isa = XCConfigurationList;
			buildConfigurations = (
				5A97B9162E511D9C008E99B9 /* Debug */,
				5A97B9172E511D9C008E99B9 /* Release */,
			);
			defaultConfigurationIsVisible = 0;
			defaultConfigurationName = Release;
		};
		5A97B9182E511D9C008E99B9 /* Build configuration list for PBXNativeTarget "HorizonsAppUITests" */ = {
			isa = XCConfigurationList;
			buildConfigurations = (
				5A97B9192E511D9C008E99B9 /* Debug */,
				5A97B91A2E511D9C008E99B9 /* Release */,
			);
			defaultConfigurationIsVisible = 0;
			defaultConfigurationName = Release;
		};
/* End XCConfigurationList section */
	};
	rootObject = 5A97B8E92E511D9B008E99B9 /* Project object */;
}
